// !$*UTF8*$!
{
	archiveVersion = 1;
	classes = {
	};
	objectVersion = 50;
	objects = {

/* Begin PBXBuildFile section */
		011F270D244FAAE100912961 /* AppDelegate.swift in Sources */ = {isa = PBXBuildFile; fileRef = 011F270C244FAAE100912961 /* AppDelegate.swift */; };
		011F270F244FAAE100912961 /* SceneDelegate.swift in Sources */ = {isa = PBXBuildFile; fileRef = 011F270E244FAAE100912961 /* SceneDelegate.swift */; };
		011F2711244FAAE100912961 /* ViewController.swift in Sources */ = {isa = PBXBuildFile; fileRef = 011F2710244FAAE100912961 /* ViewController.swift */; };
		011F2714244FAAE100912961 /* Main.storyboard in Resources */ = {isa = PBXBuildFile; fileRef = 011F2712244FAAE100912961 /* Main.storyboard */; };
		011F2716244FAAE300912961 /* Assets.xcassets in Resources */ = {isa = PBXBuildFile; fileRef = 011F2715244FAAE300912961 /* Assets.xcassets */; };
		011F2719244FAAE300912961 /* LaunchScreen.storyboard in Resources */ = {isa = PBXBuildFile; fileRef = 011F2717244FAAE300912961 /* LaunchScreen.storyboard */; };
		011F2721244FAB0900912961 /* InitialController.swift in Sources */ = {isa = PBXBuildFile; fileRef = 011F2720244FAB0900912961 /* InitialController.swift */; };
		0187E5082453DE35006E8837 /* SongRecKNN.mlmodel in Sources */ = {isa = PBXBuildFile; fileRef = 0187E5072453DE35006E8837 /* SongRecKNN.mlmodel */; };
		0187E50A2453DE44006E8837 /* data.csv in Resources */ = {isa = PBXBuildFile; fileRef = 0187E5092453DE44006E8837 /* data.csv */; };
/* End PBXBuildFile section */

/* Begin PBXFileReference section */
		011F2709244FAAE100912961 /* SongRecommendation.app */ = {isa = PBXFileReference; explicitFileType = wrapper.application; includeInIndex = 0; path = SongRecommendation.app; sourceTree = BUILT_PRODUCTS_DIR; };
		011F270C244FAAE100912961 /* AppDelegate.swift */ = {isa = PBXFileReference; lastKnownFileType = sourcecode.swift; path = AppDelegate.swift; sourceTree = "<group>"; };
		011F270E244FAAE100912961 /* SceneDelegate.swift */ = {isa = PBXFileReference; lastKnownFileType = sourcecode.swift; path = SceneDelegate.swift; sourceTree = "<group>"; };
		011F2710244FAAE100912961 /* ViewController.swift */ = {isa = PBXFileReference; lastKnownFileType = sourcecode.swift; path = ViewController.swift; sourceTree = "<group>"; };
		011F2713244FAAE100912961 /* Base */ = {isa = PBXFileReference; lastKnownFileType = file.storyboard; name = Base; path = Base.lproj/Main.storyboard; sourceTree = "<group>"; };
		011F2715244FAAE300912961 /* Assets.xcassets */ = {isa = PBXFileReference; lastKnownFileType = folder.assetcatalog; path = Assets.xcassets; sourceTree = "<group>"; };
		011F2718244FAAE300912961 /* Base */ = {isa = PBXFileReference; lastKnownFileType = file.storyboard; name = Base; path = Base.lproj/LaunchScreen.storyboard; sourceTree = "<group>"; };
		011F271A244FAAE300912961 /* Info.plist */ = {isa = PBXFileReference; lastKnownFileType = text.plist.xml; path = Info.plist; sourceTree = "<group>"; };
		011F2720244FAB0900912961 /* InitialController.swift */ = {isa = PBXFileReference; lastKnownFileType = sourcecode.swift; path = InitialController.swift; sourceTree = "<group>"; };
		0187E5072453DE35006E8837 /* SongRecKNN.mlmodel */ = {isa = PBXFileReference; lastKnownFileType = file.mlmodel; name = SongRecKNN.mlmodel; path = "../../model-generator/SongRecKNN.mlmodel"; sourceTree = "<group>"; };
		0187E5092453DE44006E8837 /* data.csv */ = {isa = PBXFileReference; fileEncoding = 4; lastKnownFileType = text; name = data.csv; path = "../../model-generator/data.csv"; sourceTree = "<group>"; };
/* End PBXFileReference section */

/* Begin PBXFrameworksBuildPhase section */
		011F2706244FAAE100912961 /* Frameworks */ = {
			isa = PBXFrameworksBuildPhase;
			buildActionMask = 2147483647;
			files = (
			);
			runOnlyForDeploymentPostprocessing = 0;
		};
/* End PBXFrameworksBuildPhase section */

/* Begin PBXGroup section */
		011F2700244FAAE100912961 = {
			isa = PBXGroup;
			children = (
				011F270B244FAAE100912961 /* SongRecommendation */,
				011F270A244FAAE100912961 /* Products */,
			);
			sourceTree = "<group>";
		};
		011F270A244FAAE100912961 /* Products */ = {
			isa = PBXGroup;
			children = (
				011F2709244FAAE100912961 /* SongRecommendation.app */,
			);
			name = Products;
			sourceTree = "<group>";
		};
		011F270B244FAAE100912961 /* SongRecommendation */ = {
			isa = PBXGroup;
			children = (
				011F270C244FAAE100912961 /* AppDelegate.swift */,
				011F270E244FAAE100912961 /* SceneDelegate.swift */,
				011F2710244FAAE100912961 /* ViewController.swift */,
				011F2720244FAB0900912961 /* InitialController.swift */,
				0187E5072453DE35006E8837 /* SongRecKNN.mlmodel */,
				0187E5092453DE44006E8837 /* data.csv */,
				011F2712244FAAE100912961 /* Main.storyboard */,
				011F2715244FAAE300912961 /* Assets.xcassets */,
				011F2717244FAAE300912961 /* LaunchScreen.storyboard */,
				011F271A244FAAE300912961 /* Info.plist */,
			);
			path = SongRecommendation;
			sourceTree = "<group>";
		};
/* End PBXGroup section */

/* Begin PBXNativeTarget section */
		011F2708244FAAE100912961 /* SongRecommendation */ = {
			isa = PBXNativeTarget;
			buildConfigurationList = 011F271D244FAAE300912961 /* Build configuration list for PBXNativeTarget "SongRecommendation" */;
			buildPhases = (
				011F2705244FAAE100912961 /* Sources */,
				011F2706244FAAE100912961 /* Frameworks */,
				011F2707244FAAE100912961 /* Resources */,
			);
			buildRules = (
			);
			dependencies = (
			);
			name = SongRecommendation;
			productName = SongRecommendation;
			productReference = 011F2709244FAAE100912961 /* SongRecommendation.app */;
			productType = "com.apple.product-type.application";
		};
/* End PBXNativeTarget section */

/* Begin PBXProject section */
		011F2701244FAAE100912961 /* Project object */ = {
			isa = PBXProject;
			attributes = {
				LastSwiftUpdateCheck = 1140;
				LastUpgradeCheck = 1140;
				ORGANIZATIONNAME = "Cyril Garcia";
				TargetAttributes = {
					011F2708244FAAE100912961 = {
						CreatedOnToolsVersion = 11.4.1;
					};
				};
			};
			buildConfigurationList = 011F2704244FAAE100912961 /* Build configuration list for PBXProject "SongRecommendation" */;
			compatibilityVersion = "Xcode 9.3";
			developmentRegion = en;
			hasScannedForEncodings = 0;
			knownRegions = (
				en,
				Base,
			);
			mainGroup = 011F2700244FAAE100912961;
			productRefGroup = 011F270A244FAAE100912961 /* Products */;
			projectDirPath = "";
			projectRoot = "";
			targets = (
				011F2708244FAAE100912961 /* SongRecommendation */,
			);
		};
/* End PBXProject section */

/* Begin PBXResourcesBuildPhase section */
		011F2707244FAAE100912961 /* Resources */ = {
			isa = PBXResourcesBuildPhase;
			buildActionMask = 2147483647;
			files = (
				0187E50A2453DE44006E8837 /* data.csv in Resources */,
				011F2719244FAAE300912961 /* LaunchScreen.storyboard in Resources */,
				011F2716244FAAE300912961 /* Assets.xcassets in Resources */,
				011F2714244FAAE100912961 /* Main.storyboard in Resources */,
			);
			runOnlyForDeploymentPostprocessing = 0;
		};
/* End PBXResourcesBuildPhase section */

/* Begin PBXSourcesBuildPhase section */
		011F2705244FAAE100912961 /* Sources */ = {
			isa = PBXSourcesBuildPhase;
			buildActionMask = 2147483647;
			files = (
				0187E5082453DE35006E8837 /* SongRecKNN.mlmodel in Sources */,
				011F2721244FAB0900912961 /* InitialController.swift in Sources */,
				011F2711244FAAE100912961 /* ViewController.swift in Sources */,
				011F270D244FAAE100912961 /* AppDelegate.swift in Sources */,
				011F270F244FAAE100912961 /* SceneDelegate.swift in Sources */,
			);
			runOnlyForDeploymentPostprocessing = 0;
		};
/* End PBXSourcesBuildPhase section */

/* Begin PBXVariantGroup section */
		011F2712244FAAE100912961 /* Main.storyboard */ = {
			isa = PBXVariantGroup;
			children = (
				011F2713244FAAE100912961 /* Base */,
			);
			name = Main.storyboard;
			sourceTree = "<group>";
		};
		011F2717244FAAE300912961 /* LaunchScreen.storyboard */ = {
			isa = PBXVariantGroup;
			children = (
				011F2718244FAAE300912961 /* Base */,
			);
			name = LaunchScreen.storyboard;
			sourceTree = "<group>";
		};
/* End PBXVariantGroup section */

/* Begin XCBuildConfiguration section */
		011F271B244FAAE300912961 /* Debug */ = {
			isa = XCBuildConfiguration;
			buildSettings = {
				ALWAYS_SEARCH_USER_PATHS = NO;
				CLANG_ANALYZER_NONNULL = YES;
				CLANG_ANALYZER_NUMBER_OBJECT_CONVERSION = YES_AGGRESSIVE;
				CLANG_CXX_LANGUAGE_STANDARD = "gnu++14";
				CLANG_CXX_LIBRARY = "libc++";
				CLANG_ENABLE_MODULES = YES;
				CLANG_ENABLE_OBJC_ARC = YES;
				CLANG_ENABLE_OBJC_WEAK = YES;
				CLANG_WARN_BLOCK_CAPTURE_AUTORELEASING = YES;
				CLANG_WARN_BOOL_CONVERSION = YES;
				CLANG_WARN_COMMA = YES;
				CLANG_WARN_CONSTANT_CONVERSION = YES;
				CLANG_WARN_DEPRECATED_OBJC_IMPLEMENTATIONS = YES;
				CLANG_WARN_DIRECT_OBJC_ISA_USAGE = YES_ERROR;
				CLANG_WARN_DOCUMENTATION_COMMENTS = YES;
				CLANG_WARN_EMPTY_BODY = YES;
				CLANG_WARN_ENUM_CONVERSION = YES;
				CLANG_WARN_INFINITE_RECURSION = YES;
				CLANG_WARN_INT_CONVERSION = YES;
				CLANG_WARN_NON_LITERAL_NULL_CONVERSION = YES;
				CLANG_WARN_OBJC_IMPLICIT_RETAIN_SELF = YES;
				CLANG_WARN_OBJC_LITERAL_CONVERSION = YES;
				CLANG_WARN_OBJC_ROOT_CLASS = YES_ERROR;
				CLANG_WARN_RANGE_LOOP_ANALYSIS = YES;
				CLANG_WARN_STRICT_PROTOTYPES = YES;
				CLANG_WARN_SUSPICIOUS_MOVE = YES;
				CLANG_WARN_UNGUARDED_AVAILABILITY = YES_AGGRESSIVE;
				CLANG_WARN_UNREACHABLE_CODE = YES;
				CLANG_WARN__DUPLICATE_METHOD_MATCH = YES;
				COPY_PHASE_STRIP = NO;
				DEBUG_INFORMATION_FORMAT = dwarf;
				ENABLE_STRICT_OBJC_MSGSEND = YES;
				ENABLE_TESTABILITY = YES;
				GCC_C_LANGUAGE_STANDARD = gnu11;
				GCC_DYNAMIC_NO_PIC = NO;
				GCC_NO_COMMON_BLOCKS = YES;
				GCC_OPTIMIZATION_LEVEL = 0;
				GCC_PREPROCESSOR_DEFINITIONS = (
					"DEBUG=1",
					"$(inherited)",
				);
				GCC_WARN_64_TO_32_BIT_CONVERSION = YES;
				GCC_WARN_ABOUT_RETURN_TYPE = YES_ERROR;
				GCC_WARN_UNDECLARED_SELECTOR = YES;
				GCC_WARN_UNINITIALIZED_AUTOS = YES_AGGRESSIVE;
				GCC_WARN_UNUSED_FUNCTION = YES;
				GCC_WARN_UNUSED_VARIABLE = YES;
				IPHONEOS_DEPLOYMENT_TARGET = 13.4;
				MTL_ENABLE_DEBUG_INFO = INCLUDE_SOURCE;
				MTL_FAST_MATH = YES;
				ONLY_ACTIVE_ARCH = YES;
				SDKROOT = iphoneos;
				SWIFT_ACTIVE_COMPILATION_CONDITIONS = DEBUG;
				SWIFT_OPTIMIZATION_LEVEL = "-Onone";
			};
			name = Debug;
		};
		011F271C244FAAE300912961 /* Release */ = {
			isa = XCBuildConfiguration;
			buildSettings = {
				ALWAYS_SEARCH_USER_PATHS = NO;
				CLANG_ANALYZER_NONNULL = YES;
				CLANG_ANALYZER_NUMBER_OBJECT_CONVERSION = YES_AGGRESSIVE;
				CLANG_CXX_LANGUAGE_STANDARD = "gnu++14";
				CLANG_CXX_LIBRARY = "libc++";
				CLANG_ENABLE_MODULES = YES;
				CLANG_ENABLE_OBJC_ARC = YES;
				CLANG_ENABLE_OBJC_WEAK = YES;
				CLANG_WARN_BLOCK_CAPTURE_AUTORELEASING = YES;
				CLANG_WARN_BOOL_CONVERSION = YES;
				CLANG_WARN_COMMA = YES;
				CLANG_WARN_CONSTANT_CONVERSION = YES;
				CLANG_WARN_DEPRECATED_OBJC_IMPLEMENTATIONS = YES;
				CLANG_WARN_DIRECT_OBJC_ISA_USAGE = YES_ERROR;
				CLANG_WARN_DOCUMENTATION_COMMENTS = YES;
				CLANG_WARN_EMPTY_BODY = YES;
				CLANG_WARN_ENUM_CONVERSION = YES;
				CLANG_WARN_INFINITE_RECURSION = YES;
				CLANG_WARN_INT_CONVERSION = YES;
				CLANG_WARN_NON_LITERAL_NULL_CONVERSION = YES;
				CLANG_WARN_OBJC_IMPLICIT_RETAIN_SELF = YES;
				CLANG_WARN_OBJC_LITERAL_CONVERSION = YES;
				CLANG_WARN_OBJC_ROOT_CLASS = YES_ERROR;
				CLANG_WARN_RANGE_LOOP_ANALYSIS = YES;
				CLANG_WARN_STRICT_PROTOTYPES = YES;
				CLANG_WARN_SUSPICIOUS_MOVE = YES;
				CLANG_WARN_UNGUARDED_AVAILABILITY = YES_AGGRESSIVE;
				CLANG_WARN_UNREACHABLE_CODE = YES;
				CLANG_WARN__DUPLICATE_METHOD_MATCH = YES;
				COPY_PHASE_STRIP = NO;
				DEBUG_INFORMATION_FORMAT = "dwarf-with-dsym";
				ENABLE_NS_ASSERTIONS = NO;
				ENABLE_STRICT_OBJC_MSGSEND = YES;
				GCC_C_LANGUAGE_STANDARD = gnu11;
				GCC_NO_COMMON_BLOCKS = YES;
				GCC_WARN_64_TO_32_BIT_CONVERSION = YES;
				GCC_WARN_ABOUT_RETURN_TYPE = YES_ERROR;
				GCC_WARN_UNDECLARED_SELECTOR = YES;
				GCC_WARN_UNINITIALIZED_AUTOS = YES_AGGRESSIVE;
				GCC_WARN_UNUSED_FUNCTION = YES;
				GCC_WARN_UNUSED_VARIABLE = YES;
				IPHONEOS_DEPLOYMENT_TARGET = 13.4;
				MTL_ENABLE_DEBUG_INFO = NO;
				MTL_FAST_MATH = YES;
				SDKROOT = iphoneos;
				SWIFT_COMPILATION_MODE = wholemodule;
				SWIFT_OPTIMIZATION_LEVEL = "-O";
				VALIDATE_PRODUCT = YES;
			};
			name = Release;
		};
		011F271E244FAAE300912961 /* Debug */ = {
			isa = XCBuildConfiguration;
			buildSettings = {
				ASSETCATALOG_COMPILER_APPICON_NAME = AppIcon;
				CODE_SIGN_STYLE = Automatic;
				DEVELOPMENT_TEAM = R986STKYJ7;
				INFOPLIST_FILE = SongRecommendation/Info.plist;
				LD_RUNPATH_SEARCH_PATHS = (
					"$(inherited)",
					"@executable_path/Frameworks",
				);
				PRODUCT_BUNDLE_IDENTIFIER = com.ByCyril.SongRecommendation;
				PRODUCT_NAME = "$(TARGET_NAME)";
				SWIFT_VERSION = 5.0;
				TARGETED_DEVICE_FAMILY = "1,2";
			};
			name = Debug;
		};
		011F271F244FAAE300912961 /* Release */ = {
			isa = XCBuildConfiguration;
			buildSettings = {
				ASSETCATALOG_COMPILER_APPICON_NAME = AppIcon;
				CODE_SIGN_STYLE = Automatic;
				DEVELOPMENT_TEAM = R986STKYJ7;
				INFOPLIST_FILE = SongRecommendation/Info.plist;
				LD_RUNPATH_SEARCH_PATHS = (
					"$(inherited)",
					"@executable_path/Frameworks",
				);
				PRODUCT_BUNDLE_IDENTIFIER = com.ByCyril.SongRecommendation;
				PRODUCT_NAME = "$(TARGET_NAME)";
				SWIFT_VERSION = 5.0;
				TARGETED_DEVICE_FAMILY = "1,2";
			};
			name = Release;
		};
/* End XCBuildConfiguration section */

/* Begin XCConfigurationList section */
		011F2704244FAAE100912961 /* Build configuration list for PBXProject "SongRecommendation" */ = {
			isa = XCConfigurationList;
			buildConfigurations = (
				011F271B244FAAE300912961 /* Debug */,
				011F271C244FAAE300912961 /* Release */,
			);
			defaultConfigurationIsVisible = 0;
			defaultConfigurationName = Release;
		};
		011F271D244FAAE300912961 /* Build configuration list for PBXNativeTarget "SongRecommendation" */ = {
			isa = XCConfigurationList;
			buildConfigurations = (
				011F271E244FAAE300912961 /* Debug */,
				011F271F244FAAE300912961 /* Release */,
			);
			defaultConfigurationIsVisible = 0;
			defaultConfigurationName = Release;
		};
/* End XCConfigurationList section */
	};
	rootObject = 011F2701244FAAE100912961 /* Project object */;
}
